
Microsoft Visual Studio Solution File, Format Version 12.00
# Visual Studio 15
VisualStudioVersion = 15.0.33026.149
MinimumVisualStudioVersion = 10.0.40219.1
Project("{FAE04EC0-301F-11D3-BF4B-00C04F79EFBC}") = "Torder", "Torder\Torder.csproj", "{CF67C7FA-234A-4D2E-B0CA-7C9F77E0B03B}"
EndProject
Global
	GlobalSection(SolutionConfigurationPlatforms) = preSolution
		Debug|Any CPU = Debug|Any CPU
		Release|Any CPU = Release|Any CPU
	EndGlobalSection
	GlobalSection(ProjectConfigurationPlatforms) = postSolution
		{CF67C7FA-234A-4D2E-B0CA-7C9F77E0B03B}.Debug|Any CPU.ActiveCfg = Debug|Any CPU
		{CF67C7FA-234A-4D2E-B0CA-7C9F77E0B03B}.Debug|Any CPU.Build.0 = Debug|Any CPU
		{CF67C7FA-234A-4D2E-B0CA-7C9F77E0B03B}.Release|Any CPU.ActiveCfg = Release|Any CPU
		{CF67C7FA-234A-4D2E-B0CA-7C9F77E0B03B}.Release|Any CPU.Build.0 = Release|Any CPU
	EndGlobalSection
	GlobalSection(SolutionProperties) = preSolution
		HideSolutionNode = FALSE
	EndGlobalSection
	GlobalSection(ExtensibilityGlobals) = postSolution
		SolutionGuid = {8D841DA5-80FF-42A8-AAB6-16C86643E583}
	EndGlobalSection
EndGlobal
